// !$*UTF8*$!
{
	archiveVersion = 1;
	classes = {
	};
	objectVersion = 50;
	objects = {

/* Begin PBXBuildFile section */
		A99A688424F712D100AE6FD0 /* RecipeDetail.swift in Sources */ = {isa = PBXBuildFile; fileRef = A99A688324F712D100AE6FD0 /* RecipeDetail.swift */; };
		A99A688724F7152000AE6FD0 /* RecipeDetailBuilder.swift in Sources */ = {isa = PBXBuildFile; fileRef = A99A688624F7152000AE6FD0 /* RecipeDetailBuilder.swift */; };
		A99A688A24F7154700AE6FD0 /* RecipeDetailRouter.swift in Sources */ = {isa = PBXBuildFile; fileRef = A99A688924F7154700AE6FD0 /* RecipeDetailRouter.swift */; };
		A99A688D24F715B300AE6FD0 /* RecipeDetailInteractor.swift in Sources */ = {isa = PBXBuildFile; fileRef = A99A688C24F715B300AE6FD0 /* RecipeDetailInteractor.swift */; };
		A99A689024F7168000AE6FD0 /* RecipeDetailViewController.swift in Sources */ = {isa = PBXBuildFile; fileRef = A99A688F24F7168000AE6FD0 /* RecipeDetailViewController.swift */; };
		A99A689324F716CC00AE6FD0 /* RecipeDetailPresenter.swift in Sources */ = {isa = PBXBuildFile; fileRef = A99A689224F716CC00AE6FD0 /* RecipeDetailPresenter.swift */; };
		A99A68A124F726A000AE6FD0 /* BaseNavigationController.swift in Sources */ = {isa = PBXBuildFile; fileRef = A99A68A024F726A000AE6FD0 /* BaseNavigationController.swift */; };
		A99A68B924F7345C00AE6FD0 /* RecipesRepository.swift in Sources */ = {isa = PBXBuildFile; fileRef = A99A68B824F7345C00AE6FD0 /* RecipesRepository.swift */; };
		A99A68BE24F7359300AE6FD0 /* RecipeViewModel.swift in Sources */ = {isa = PBXBuildFile; fileRef = A99A68BD24F7359300AE6FD0 /* RecipeViewModel.swift */; };
		A99A68C024F735EC00AE6FD0 /* RecipeCategoryViewModel.swift in Sources */ = {isa = PBXBuildFile; fileRef = A99A68BF24F735EC00AE6FD0 /* RecipeCategoryViewModel.swift */; };
		A99A68C424F739AC00AE6FD0 /* RecipesListManager.swift in Sources */ = {isa = PBXBuildFile; fileRef = A99A68C324F739AC00AE6FD0 /* RecipesListManager.swift */; };
		A99A68C724F73A3600AE6FD0 /* RecipesSectionManager.swift in Sources */ = {isa = PBXBuildFile; fileRef = A99A68C624F73A3600AE6FD0 /* RecipesSectionManager.swift */; };
		A99A68C924F73ABD00AE6FD0 /* RecipeCardCell.swift in Sources */ = {isa = PBXBuildFile; fileRef = A99A68C824F73ABD00AE6FD0 /* RecipeCardCell.swift */; };
		A99A68CB24F7BA5600AE6FD0 /* LoadingSectionManager.swift in Sources */ = {isa = PBXBuildFile; fileRef = A99A68CA24F7BA5600AE6FD0 /* LoadingSectionManager.swift */; };
		A99A68CD24F7BA7600AE6FD0 /* LoadingIndicatorCell.swift in Sources */ = {isa = PBXBuildFile; fileRef = A99A68CC24F7BA7600AE6FD0 /* LoadingIndicatorCell.swift */; };
		A99A68CF24F7CA7C00AE6FD0 /* RecipeCategoryCell.swift in Sources */ = {isa = PBXBuildFile; fileRef = A99A68CE24F7CA7C00AE6FD0 /* RecipeCategoryCell.swift */; };
		A99A68D924F7EBBE00AE6FD0 /* RecipeDetailView.swift in Sources */ = {isa = PBXBuildFile; fileRef = A99A68D824F7EBBE00AE6FD0 /* RecipeDetailView.swift */; };
		A9DA8B9024F6EDA90077390A /* AppDelegate.swift in Sources */ = {isa = PBXBuildFile; fileRef = A9DA8B8F24F6EDA90077390A /* AppDelegate.swift */; };
		A9DA8B9924F6EDAC0077390A /* Assets.xcassets in Resources */ = {isa = PBXBuildFile; fileRef = A9DA8B9824F6EDAC0077390A /* Assets.xcassets */; };
		A9DA8B9C24F6EDAC0077390A /* LaunchScreen.storyboard in Resources */ = {isa = PBXBuildFile; fileRef = A9DA8B9A24F6EDAC0077390A /* LaunchScreen.storyboard */; };
		A9DB693424F6F1AB0027C560 /* RecipesUIKit.framework in Frameworks */ = {isa = PBXBuildFile; fileRef = A9DB693324F6F1AB0027C560 /* RecipesUIKit.framework */; };
		A9DB693524F6F1AB0027C560 /* RecipesUIKit.framework in Embed Frameworks */ = {isa = PBXBuildFile; fileRef = A9DB693324F6F1AB0027C560 /* RecipesUIKit.framework */; settings = {ATTRIBUTES = (CodeSignOnCopy, RemoveHeadersOnCopy, ); }; };
		A9DB694F24F6F4370027C560 /* RecipesDomain.framework in Frameworks */ = {isa = PBXBuildFile; fileRef = A9DB694E24F6F4370027C560 /* RecipesDomain.framework */; };
		A9DB695024F6F4370027C560 /* RecipesDomain.framework in Embed Frameworks */ = {isa = PBXBuildFile; fileRef = A9DB694E24F6F4370027C560 /* RecipesDomain.framework */; settings = {ATTRIBUTES = (CodeSignOnCopy, RemoveHeadersOnCopy, ); }; };
		A9DB695C24F6F9F80027C560 /* RecipesListViewController.swift in Sources */ = {isa = PBXBuildFile; fileRef = A9DB695B24F6F9F80027C560 /* RecipesListViewController.swift */; };
		A9DB695E24F6FA140027C560 /* RecipesList.swift in Sources */ = {isa = PBXBuildFile; fileRef = A9DB695D24F6FA140027C560 /* RecipesList.swift */; };
		A9DB696024F6FDDE0027C560 /* RecipesListRouter.swift in Sources */ = {isa = PBXBuildFile; fileRef = A9DB695F24F6FDDE0027C560 /* RecipesListRouter.swift */; };
		A9DB696224F6FF5A0027C560 /* RecipesListPresenter.swift in Sources */ = {isa = PBXBuildFile; fileRef = A9DB696124F6FF5A0027C560 /* RecipesListPresenter.swift */; };
		A9DB696424F6FFFB0027C560 /* RecipesListInteractor.swift in Sources */ = {isa = PBXBuildFile; fileRef = A9DB696324F6FFFB0027C560 /* RecipesListInteractor.swift */; };
		A9DB696624F701F70027C560 /* RecipesListBuilder.swift in Sources */ = {isa = PBXBuildFile; fileRef = A9DB696524F701F70027C560 /* RecipesListBuilder.swift */; };
/* End PBXBuildFile section */

/* Begin PBXCopyFilesBuildPhase section */
		A9DB693624F6F1AB0027C560 /* Embed Frameworks */ = {
			isa = PBXCopyFilesBuildPhase;
			buildActionMask = 2147483647;
			dstPath = "";
			dstSubfolderSpec = 10;
			files = (
				A9DB695024F6F4370027C560 /* RecipesDomain.framework in Embed Frameworks */,
				A9DB693524F6F1AB0027C560 /* RecipesUIKit.framework in Embed Frameworks */,
			);
			name = "Embed Frameworks";
			runOnlyForDeploymentPostprocessing = 0;
		};
/* End PBXCopyFilesBuildPhase section */

/* Begin PBXFileReference section */
		A99A688324F712D100AE6FD0 /* RecipeDetail.swift */ = {isa = PBXFileReference; lastKnownFileType = sourcecode.swift; path = RecipeDetail.swift; sourceTree = "<group>"; };
		A99A688624F7152000AE6FD0 /* RecipeDetailBuilder.swift */ = {isa = PBXFileReference; lastKnownFileType = sourcecode.swift; path = RecipeDetailBuilder.swift; sourceTree = "<group>"; };
		A99A688924F7154700AE6FD0 /* RecipeDetailRouter.swift */ = {isa = PBXFileReference; lastKnownFileType = sourcecode.swift; path = RecipeDetailRouter.swift; sourceTree = "<group>"; };
		A99A688C24F715B300AE6FD0 /* RecipeDetailInteractor.swift */ = {isa = PBXFileReference; lastKnownFileType = sourcecode.swift; path = RecipeDetailInteractor.swift; sourceTree = "<group>"; };
		A99A688F24F7168000AE6FD0 /* RecipeDetailViewController.swift */ = {isa = PBXFileReference; lastKnownFileType = sourcecode.swift; path = RecipeDetailViewController.swift; sourceTree = "<group>"; };
		A99A689224F716CC00AE6FD0 /* RecipeDetailPresenter.swift */ = {isa = PBXFileReference; lastKnownFileType = sourcecode.swift; name = RecipeDetailPresenter.swift; path = ../../../../../../RecipeDetailPresenter.swift; sourceTree = "<group>"; };
		A99A68A024F726A000AE6FD0 /* BaseNavigationController.swift */ = {isa = PBXFileReference; fileEncoding = 4; lastKnownFileType = sourcecode.swift; path = BaseNavigationController.swift; sourceTree = "<group>"; };
		A99A68B824F7345C00AE6FD0 /* RecipesRepository.swift */ = {isa = PBXFileReference; lastKnownFileType = sourcecode.swift; path = RecipesRepository.swift; sourceTree = "<group>"; };
		A99A68BD24F7359300AE6FD0 /* RecipeViewModel.swift */ = {isa = PBXFileReference; lastKnownFileType = sourcecode.swift; path = RecipeViewModel.swift; sourceTree = "<group>"; };
		A99A68BF24F735EC00AE6FD0 /* RecipeCategoryViewModel.swift */ = {isa = PBXFileReference; lastKnownFileType = sourcecode.swift; path = RecipeCategoryViewModel.swift; sourceTree = "<group>"; };
		A99A68C324F739AC00AE6FD0 /* RecipesListManager.swift */ = {isa = PBXFileReference; lastKnownFileType = sourcecode.swift; path = RecipesListManager.swift; sourceTree = "<group>"; };
		A99A68C624F73A3600AE6FD0 /* RecipesSectionManager.swift */ = {isa = PBXFileReference; lastKnownFileType = sourcecode.swift; path = RecipesSectionManager.swift; sourceTree = "<group>"; };
		A99A68C824F73ABD00AE6FD0 /* RecipeCardCell.swift */ = {isa = PBXFileReference; lastKnownFileType = sourcecode.swift; path = RecipeCardCell.swift; sourceTree = "<group>"; };
		A99A68CA24F7BA5600AE6FD0 /* LoadingSectionManager.swift */ = {isa = PBXFileReference; lastKnownFileType = sourcecode.swift; path = LoadingSectionManager.swift; sourceTree = "<group>"; };
		A99A68CC24F7BA7600AE6FD0 /* LoadingIndicatorCell.swift */ = {isa = PBXFileReference; lastKnownFileType = sourcecode.swift; path = LoadingIndicatorCell.swift; sourceTree = "<group>"; };
		A99A68CE24F7CA7C00AE6FD0 /* RecipeCategoryCell.swift */ = {isa = PBXFileReference; lastKnownFileType = sourcecode.swift; path = RecipeCategoryCell.swift; sourceTree = "<group>"; };
		A99A68D824F7EBBE00AE6FD0 /* RecipeDetailView.swift */ = {isa = PBXFileReference; lastKnownFileType = sourcecode.swift; path = RecipeDetailView.swift; sourceTree = "<group>"; };
		A9DA8B8C24F6EDA90077390A /* Recipes.app */ = {isa = PBXFileReference; explicitFileType = wrapper.application; includeInIndex = 0; path = Recipes.app; sourceTree = BUILT_PRODUCTS_DIR; };
		A9DA8B8F24F6EDA90077390A /* AppDelegate.swift */ = {isa = PBXFileReference; lastKnownFileType = sourcecode.swift; path = AppDelegate.swift; sourceTree = "<group>"; };
		A9DA8B9824F6EDAC0077390A /* Assets.xcassets */ = {isa = PBXFileReference; lastKnownFileType = folder.assetcatalog; path = Assets.xcassets; sourceTree = "<group>"; };
		A9DA8B9B24F6EDAC0077390A /* Base */ = {isa = PBXFileReference; lastKnownFileType = file.storyboard; name = Base; path = Base.lproj/LaunchScreen.storyboard; sourceTree = "<group>"; };
		A9DA8B9D24F6EDAC0077390A /* Info.plist */ = {isa = PBXFileReference; lastKnownFileType = text.plist.xml; path = Info.plist; sourceTree = "<group>"; };
		A9DB693324F6F1AB0027C560 /* RecipesUIKit.framework */ = {isa = PBXFileReference; explicitFileType = wrapper.framework; path = RecipesUIKit.framework; sourceTree = BUILT_PRODUCTS_DIR; };
		A9DB694E24F6F4370027C560 /* RecipesDomain.framework */ = {isa = PBXFileReference; explicitFileType = wrapper.framework; path = RecipesDomain.framework; sourceTree = BUILT_PRODUCTS_DIR; };
		A9DB695B24F6F9F80027C560 /* RecipesListViewController.swift */ = {isa = PBXFileReference; lastKnownFileType = sourcecode.swift; path = RecipesListViewController.swift; sourceTree = "<group>"; };
		A9DB695D24F6FA140027C560 /* RecipesList.swift */ = {isa = PBXFileReference; lastKnownFileType = sourcecode.swift; path = RecipesList.swift; sourceTree = "<group>"; };
		A9DB695F24F6FDDE0027C560 /* RecipesListRouter.swift */ = {isa = PBXFileReference; lastKnownFileType = sourcecode.swift; path = RecipesListRouter.swift; sourceTree = "<group>"; };
		A9DB696124F6FF5A0027C560 /* RecipesListPresenter.swift */ = {isa = PBXFileReference; lastKnownFileType = sourcecode.swift; path = RecipesListPresenter.swift; sourceTree = "<group>"; };
		A9DB696324F6FFFB0027C560 /* RecipesListInteractor.swift */ = {isa = PBXFileReference; lastKnownFileType = sourcecode.swift; path = RecipesListInteractor.swift; sourceTree = "<group>"; };
		A9DB696524F701F70027C560 /* RecipesListBuilder.swift */ = {isa = PBXFileReference; lastKnownFileType = sourcecode.swift; path = RecipesListBuilder.swift; sourceTree = "<group>"; };
/* End PBXFileReference section */

/* Begin PBXFrameworksBuildPhase section */
		A9DA8B8924F6EDA90077390A /* Frameworks */ = {
			isa = PBXFrameworksBuildPhase;
			buildActionMask = 2147483647;
			files = (
				A9DB694F24F6F4370027C560 /* RecipesDomain.framework in Frameworks */,
				A9DB693424F6F1AB0027C560 /* RecipesUIKit.framework in Frameworks */,
			);
			runOnlyForDeploymentPostprocessing = 0;
		};
/* End PBXFrameworksBuildPhase section */

/* Begin PBXGroup section */
		A99A688524F7151500AE6FD0 /* Builders */ = {
			isa = PBXGroup;
			children = (
				A99A688624F7152000AE6FD0 /* RecipeDetailBuilder.swift */,
			);
			path = Builders;
			sourceTree = "<group>";
		};
		A99A688824F7152500AE6FD0 /* Routers */ = {
			isa = PBXGroup;
			children = (
				A99A688924F7154700AE6FD0 /* RecipeDetailRouter.swift */,
			);
			path = Routers;
			sourceTree = "<group>";
		};
		A99A688B24F715A900AE6FD0 /* Interactors */ = {
			isa = PBXGroup;
			children = (
				A99A688C24F715B300AE6FD0 /* RecipeDetailInteractor.swift */,
			);
			path = Interactors;
			sourceTree = "<group>";
		};
		A99A688E24F715F500AE6FD0 /* View Controllers */ = {
			isa = PBXGroup;
			children = (
				A99A688F24F7168000AE6FD0 /* RecipeDetailViewController.swift */,
			);
			path = "View Controllers";
			sourceTree = "<group>";
		};
		A99A689124F716C100AE6FD0 /* Presenters */ = {
			isa = PBXGroup;
			children = (
				A99A689224F716CC00AE6FD0 /* RecipeDetailPresenter.swift */,
			);
			path = Presenters;
			sourceTree = "<group>";
		};
		A99A689424F725B800AE6FD0 /* Utilities */ = {
			isa = PBXGroup;
			children = (
				A99A689F24F726A000AE6FD0 /* Base View Controllers */,
			);
			path = Utilities;
			sourceTree = "<group>";
		};
		A99A689F24F726A000AE6FD0 /* Base View Controllers */ = {
			isa = PBXGroup;
			children = (
				A99A68A024F726A000AE6FD0 /* BaseNavigationController.swift */,
			);
			path = "Base View Controllers";
			sourceTree = "<group>";
		};
		A99A68B724F7343400AE6FD0 /* Repositories */ = {
			isa = PBXGroup;
			children = (
				A99A68B824F7345C00AE6FD0 /* RecipesRepository.swift */,
			);
			path = Repositories;
			sourceTree = "<group>";
		};
		A99A68BA24F7357000AE6FD0 /* View Models */ = {
			isa = PBXGroup;
			children = (
				A99A68BD24F7359300AE6FD0 /* RecipeViewModel.swift */,
				A99A68BF24F735EC00AE6FD0 /* RecipeCategoryViewModel.swift */,
			);
			path = "View Models";
			sourceTree = "<group>";
		};
		A99A68C124F7398800AE6FD0 /* Views */ = {
			isa = PBXGroup;
			children = (
				A99A68C824F73ABD00AE6FD0 /* RecipeCardCell.swift */,
				A99A68CC24F7BA7600AE6FD0 /* LoadingIndicatorCell.swift */,
				A99A68CE24F7CA7C00AE6FD0 /* RecipeCategoryCell.swift */,
			);
			path = Views;
			sourceTree = "<group>";
		};
		A99A68C224F7399300AE6FD0 /* List Managers */ = {
			isa = PBXGroup;
			children = (
				A99A68C524F73A2C00AE6FD0 /* Sections */,
				A99A68C324F739AC00AE6FD0 /* RecipesListManager.swift */,
			);
			path = "List Managers";
			sourceTree = "<group>";
		};
		A99A68C524F73A2C00AE6FD0 /* Sections */ = {
			isa = PBXGroup;
			children = (
				A99A68C624F73A3600AE6FD0 /* RecipesSectionManager.swift */,
				A99A68CA24F7BA5600AE6FD0 /* LoadingSectionManager.swift */,
			);
			path = Sections;
			sourceTree = "<group>";
		};
		A99A68D724F7EBB000AE6FD0 /* Views */ = {
			isa = PBXGroup;
			children = (
				A99A68D824F7EBBE00AE6FD0 /* RecipeDetailView.swift */,
			);
			path = Views;
			sourceTree = "<group>";
		};
		A9DA8B8324F6EDA90077390A = {
			isa = PBXGroup;
			children = (
				A9DA8B8E24F6EDA90077390A /* Recipes */,
				A9DA8B8D24F6EDA90077390A /* Products */,
				A9DB693224F6F1AB0027C560 /* Frameworks */,
			);
			sourceTree = "<group>";
		};
		A9DA8B8D24F6EDA90077390A /* Products */ = {
			isa = PBXGroup;
			children = (
				A9DA8B8C24F6EDA90077390A /* Recipes.app */,
			);
			name = Products;
			sourceTree = "<group>";
		};
		A9DA8B8E24F6EDA90077390A /* Recipes */ = {
			isa = PBXGroup;
			children = (
				A99A68B724F7343400AE6FD0 /* Repositories */,
				A9DB695224F6F8450027C560 /* Application */,
				A99A689424F725B800AE6FD0 /* Utilities */,
				A9DB695324F6F84E0027C560 /* Scenes */,
				A9DA8BA324F6EEBB0077390A /* Resources */,
			);
			path = Recipes;
			sourceTree = "<group>";
		};
		A9DA8BA324F6EEBB0077390A /* Resources */ = {
			isa = PBXGroup;
			children = (
				A9DA8B9824F6EDAC0077390A /* Assets.xcassets */,
				A9DA8B9A24F6EDAC0077390A /* LaunchScreen.storyboard */,
				A9DA8B9D24F6EDAC0077390A /* Info.plist */,
			);
			path = Resources;
			sourceTree = "<group>";
		};
		A9DB693224F6F1AB0027C560 /* Frameworks */ = {
			isa = PBXGroup;
			children = (
				A9DB694E24F6F4370027C560 /* RecipesDomain.framework */,
				A9DB693324F6F1AB0027C560 /* RecipesUIKit.framework */,
			);
			name = Frameworks;
			sourceTree = "<group>";
		};
		A9DB695224F6F8450027C560 /* Application */ = {
			isa = PBXGroup;
			children = (
				A9DA8B8F24F6EDA90077390A /* AppDelegate.swift */,
			);
			path = Application;
			sourceTree = "<group>";
		};
		A9DB695324F6F84E0027C560 /* Scenes */ = {
			isa = PBXGroup;
			children = (
				A9DB695524F6F8610027C560 /* Recipe Detail */,
				A9DB695424F6F85B0027C560 /* Recipes List */,
			);
			path = Scenes;
			sourceTree = "<group>";
		};
		A9DB695424F6F85B0027C560 /* Recipes List */ = {
			isa = PBXGroup;
			children = (
				A9DB695724F6F9C20027C560 /* Builders */,
				A9DB695924F6F9D90027C560 /* Routers */,
				A9DB695A24F6F9E10027C560 /* Interactors */,
				A9DB695824F6F9D20027C560 /* Presenters */,
				A99A68C124F7398800AE6FD0 /* Views */,
				A99A68BA24F7357000AE6FD0 /* View Models */,
				A9DB695624F6F8700027C560 /* View Controllers */,
				A99A68C224F7399300AE6FD0 /* List Managers */,
				A9DB695D24F6FA140027C560 /* RecipesList.swift */,
			);
			path = "Recipes List";
			sourceTree = "<group>";
		};
		A9DB695524F6F8610027C560 /* Recipe Detail */ = {
			isa = PBXGroup;
			children = (
				A99A688524F7151500AE6FD0 /* Builders */,
				A99A688824F7152500AE6FD0 /* Routers */,
				A99A688B24F715A900AE6FD0 /* Interactors */,
				A99A689124F716C100AE6FD0 /* Presenters */,
				A99A68D724F7EBB000AE6FD0 /* Views */,
				A99A688E24F715F500AE6FD0 /* View Controllers */,
				A99A688324F712D100AE6FD0 /* RecipeDetail.swift */,
			);
			path = "Recipe Detail";
			sourceTree = "<group>";
		};
		A9DB695624F6F8700027C560 /* View Controllers */ = {
			isa = PBXGroup;
			children = (
				A9DB695B24F6F9F80027C560 /* RecipesListViewController.swift */,
			);
			path = "View Controllers";
			sourceTree = "<group>";
		};
		A9DB695724F6F9C20027C560 /* Builders */ = {
			isa = PBXGroup;
			children = (
				A9DB696524F701F70027C560 /* RecipesListBuilder.swift */,
			);
			path = Builders;
			sourceTree = "<group>";
		};
		A9DB695824F6F9D20027C560 /* Presenters */ = {
			isa = PBXGroup;
			children = (
				A9DB696124F6FF5A0027C560 /* RecipesListPresenter.swift */,
			);
			path = Presenters;
			sourceTree = "<group>";
		};
		A9DB695924F6F9D90027C560 /* Routers */ = {
			isa = PBXGroup;
			children = (
				A9DB695F24F6FDDE0027C560 /* RecipesListRouter.swift */,
			);
			path = Routers;
			sourceTree = "<group>";
		};
		A9DB695A24F6F9E10027C560 /* Interactors */ = {
			isa = PBXGroup;
			children = (
				A9DB696324F6FFFB0027C560 /* RecipesListInteractor.swift */,
			);
			path = Interactors;
			sourceTree = "<group>";
		};
/* End PBXGroup section */

/* Begin PBXNativeTarget section */
		A9DA8B8B24F6EDA90077390A /* Recipes */ = {
			isa = PBXNativeTarget;
			buildConfigurationList = A9DA8BA024F6EDAC0077390A /* Build configuration list for PBXNativeTarget "Recipes" */;
			buildPhases = (
				A9DA8B8824F6EDA90077390A /* Sources */,
				A9DA8B8924F6EDA90077390A /* Frameworks */,
				A9DA8B8A24F6EDA90077390A /* Resources */,
				A9DB693624F6F1AB0027C560 /* Embed Frameworks */,
			);
			buildRules = (
			);
			dependencies = (
			);
			name = Recipes;
			productName = Recipes;
			productReference = A9DA8B8C24F6EDA90077390A /* Recipes.app */;
			productType = "com.apple.product-type.application";
		};
/* End PBXNativeTarget section */

/* Begin PBXProject section */
		A9DA8B8424F6EDA90077390A /* Project object */ = {
			isa = PBXProject;
			attributes = {
				LastSwiftUpdateCheck = 1160;
				LastUpgradeCheck = 1160;
				ORGANIZATIONNAME = "Marco Domingues";
				TargetAttributes = {
					A9DA8B8B24F6EDA90077390A = {
						CreatedOnToolsVersion = 11.6;
					};
				};
			};
			buildConfigurationList = A9DA8B8724F6EDA90077390A /* Build configuration list for PBXProject "Recipes" */;
			compatibilityVersion = "Xcode 9.3";
			developmentRegion = en;
			hasScannedForEncodings = 0;
			knownRegions = (
				en,
				Base,
			);
			mainGroup = A9DA8B8324F6EDA90077390A;
			productRefGroup = A9DA8B8D24F6EDA90077390A /* Products */;
			projectDirPath = "";
			projectRoot = "";
			targets = (
				A9DA8B8B24F6EDA90077390A /* Recipes */,
			);
		};
/* End PBXProject section */

/* Begin PBXResourcesBuildPhase section */
		A9DA8B8A24F6EDA90077390A /* Resources */ = {
			isa = PBXResourcesBuildPhase;
			buildActionMask = 2147483647;
			files = (
				A9DA8B9C24F6EDAC0077390A /* LaunchScreen.storyboard in Resources */,
				A9DA8B9924F6EDAC0077390A /* Assets.xcassets in Resources */,
			);
			runOnlyForDeploymentPostprocessing = 0;
		};
/* End PBXResourcesBuildPhase section */

/* Begin PBXSourcesBuildPhase section */
		A9DA8B8824F6EDA90077390A /* Sources */ = {
			isa = PBXSourcesBuildPhase;
			buildActionMask = 2147483647;
			files = (
				A99A688424F712D100AE6FD0 /* RecipeDetail.swift in Sources */,
				A99A68C424F739AC00AE6FD0 /* RecipesListManager.swift in Sources */,
				A99A68C724F73A3600AE6FD0 /* RecipesSectionManager.swift in Sources */,
				A9DB695C24F6F9F80027C560 /* RecipesListViewController.swift in Sources */,
				A99A68CF24F7CA7C00AE6FD0 /* RecipeCategoryCell.swift in Sources */,
				A9DB696224F6FF5A0027C560 /* RecipesListPresenter.swift in Sources */,
				A9DB696424F6FFFB0027C560 /* RecipesListInteractor.swift in Sources */,
				A99A68D924F7EBBE00AE6FD0 /* RecipeDetailView.swift in Sources */,
				A99A68CD24F7BA7600AE6FD0 /* LoadingIndicatorCell.swift in Sources */,
				A99A68BE24F7359300AE6FD0 /* RecipeViewModel.swift in Sources */,
				A9DB696624F701F70027C560 /* RecipesListBuilder.swift in Sources */,
				A99A688D24F715B300AE6FD0 /* RecipeDetailInteractor.swift in Sources */,
				A9DA8B9024F6EDA90077390A /* AppDelegate.swift in Sources */,
				A99A688724F7152000AE6FD0 /* RecipeDetailBuilder.swift in Sources */,
				A9DB696024F6FDDE0027C560 /* RecipesListRouter.swift in Sources */,
				A9DB695E24F6FA140027C560 /* RecipesList.swift in Sources */,
				A99A68C924F73ABD00AE6FD0 /* RecipeCardCell.swift in Sources */,
				A99A68C024F735EC00AE6FD0 /* RecipeCategoryViewModel.swift in Sources */,
				A99A68CB24F7BA5600AE6FD0 /* LoadingSectionManager.swift in Sources */,
				A99A689024F7168000AE6FD0 /* RecipeDetailViewController.swift in Sources */,
				A99A688A24F7154700AE6FD0 /* RecipeDetailRouter.swift in Sources */,
				A99A68B924F7345C00AE6FD0 /* RecipesRepository.swift in Sources */,
				A99A68A124F726A000AE6FD0 /* BaseNavigationController.swift in Sources */,
				A99A689324F716CC00AE6FD0 /* RecipeDetailPresenter.swift in Sources */,
			);
			runOnlyForDeploymentPostprocessing = 0;
		};
/* End PBXSourcesBuildPhase section */

/* Begin PBXVariantGroup section */
		A9DA8B9A24F6EDAC0077390A /* LaunchScreen.storyboard */ = {
			isa = PBXVariantGroup;
			children = (
				A9DA8B9B24F6EDAC0077390A /* Base */,
			);
			name = LaunchScreen.storyboard;
			sourceTree = "<group>";
		};
/* End PBXVariantGroup section */

/* Begin XCBuildConfiguration section */
		A9DA8B9E24F6EDAC0077390A /* Debug */ = {
			isa = XCBuildConfiguration;
			buildSettings = {
				ALWAYS_SEARCH_USER_PATHS = NO;
				CLANG_ANALYZER_NONNULL = YES;
				CLANG_ANALYZER_NUMBER_OBJECT_CONVERSION = YES_AGGRESSIVE;
				CLANG_CXX_LANGUAGE_STANDARD = "gnu++14";
				CLANG_CXX_LIBRARY = "libc++";
				CLANG_ENABLE_MODULES = YES;
				CLANG_ENABLE_OBJC_ARC = YES;
				CLANG_ENABLE_OBJC_WEAK = YES;
				CLANG_WARN_BLOCK_CAPTURE_AUTORELEASING = YES;
				CLANG_WARN_BOOL_CONVERSION = YES;
				CLANG_WARN_COMMA = YES;
				CLANG_WARN_CONSTANT_CONVERSION = YES;
				CLANG_WARN_DEPRECATED_OBJC_IMPLEMENTATIONS = YES;
				CLANG_WARN_DIRECT_OBJC_ISA_USAGE = YES_ERROR;
				CLANG_WARN_DOCUMENTATION_COMMENTS = YES;
				CLANG_WARN_EMPTY_BODY = YES;
				CLANG_WARN_ENUM_CONVERSION = YES;
				CLANG_WARN_INFINITE_RECURSION = YES;
				CLANG_WARN_INT_CONVERSION = YES;
				CLANG_WARN_NON_LITERAL_NULL_CONVERSION = YES;
				CLANG_WARN_OBJC_IMPLICIT_RETAIN_SELF = YES;
				CLANG_WARN_OBJC_LITERAL_CONVERSION = YES;
				CLANG_WARN_OBJC_ROOT_CLASS = YES_ERROR;
				CLANG_WARN_RANGE_LOOP_ANALYSIS = YES;
				CLANG_WARN_STRICT_PROTOTYPES = YES;
				CLANG_WARN_SUSPICIOUS_MOVE = YES;
				CLANG_WARN_UNGUARDED_AVAILABILITY = YES_AGGRESSIVE;
				CLANG_WARN_UNREACHABLE_CODE = YES;
				CLANG_WARN__DUPLICATE_METHOD_MATCH = YES;
				COPY_PHASE_STRIP = NO;
				DEBUG_INFORMATION_FORMAT = dwarf;
				ENABLE_STRICT_OBJC_MSGSEND = YES;
				ENABLE_TESTABILITY = YES;
				GCC_C_LANGUAGE_STANDARD = gnu11;
				GCC_DYNAMIC_NO_PIC = NO;
				GCC_NO_COMMON_BLOCKS = YES;
				GCC_OPTIMIZATION_LEVEL = 0;
				GCC_PREPROCESSOR_DEFINITIONS = (
					"DEBUG=1",
					"$(inherited)",
				);
				GCC_WARN_64_TO_32_BIT_CONVERSION = YES;
				GCC_WARN_ABOUT_RETURN_TYPE = YES_ERROR;
				GCC_WARN_UNDECLARED_SELECTOR = YES;
				GCC_WARN_UNINITIALIZED_AUTOS = YES_AGGRESSIVE;
				GCC_WARN_UNUSED_FUNCTION = YES;
				GCC_WARN_UNUSED_VARIABLE = YES;
				IPHONEOS_DEPLOYMENT_TARGET = 13.6;
				MTL_ENABLE_DEBUG_INFO = INCLUDE_SOURCE;
				MTL_FAST_MATH = YES;
				ONLY_ACTIVE_ARCH = YES;
				SDKROOT = iphoneos;
				SWIFT_ACTIVE_COMPILATION_CONDITIONS = DEBUG;
				SWIFT_OPTIMIZATION_LEVEL = "-Onone";
			};
			name = Debug;
		};
		A9DA8B9F24F6EDAC0077390A /* Release */ = {
			isa = XCBuildConfiguration;
			buildSettings = {
				ALWAYS_SEARCH_USER_PATHS = NO;
				CLANG_ANALYZER_NONNULL = YES;
				CLANG_ANALYZER_NUMBER_OBJECT_CONVERSION = YES_AGGRESSIVE;
				CLANG_CXX_LANGUAGE_STANDARD = "gnu++14";
				CLANG_CXX_LIBRARY = "libc++";
				CLANG_ENABLE_MODULES = YES;
				CLANG_ENABLE_OBJC_ARC = YES;
				CLANG_ENABLE_OBJC_WEAK = YES;
				CLANG_WARN_BLOCK_CAPTURE_AUTORELEASING = YES;
				CLANG_WARN_BOOL_CONVERSION = YES;
				CLANG_WARN_COMMA = YES;
				CLANG_WARN_CONSTANT_CONVERSION = YES;
				CLANG_WARN_DEPRECATED_OBJC_IMPLEMENTATIONS = YES;
				CLANG_WARN_DIRECT_OBJC_ISA_USAGE = YES_ERROR;
				CLANG_WARN_DOCUMENTATION_COMMENTS = YES;
				CLANG_WARN_EMPTY_BODY = YES;
				CLANG_WARN_ENUM_CONVERSION = YES;
				CLANG_WARN_INFINITE_RECURSION = YES;
				CLANG_WARN_INT_CONVERSION = YES;
				CLANG_WARN_NON_LITERAL_NULL_CONVERSION = YES;
				CLANG_WARN_OBJC_IMPLICIT_RETAIN_SELF = YES;
				CLANG_WARN_OBJC_LITERAL_CONVERSION = YES;
				CLANG_WARN_OBJC_ROOT_CLASS = YES_ERROR;
				CLANG_WARN_RANGE_LOOP_ANALYSIS = YES;
				CLANG_WARN_STRICT_PROTOTYPES = YES;
				CLANG_WARN_SUSPICIOUS_MOVE = YES;
				CLANG_WARN_UNGUARDED_AVAILABILITY = YES_AGGRESSIVE;
				CLANG_WARN_UNREACHABLE_CODE = YES;
				CLANG_WARN__DUPLICATE_METHOD_MATCH = YES;
				COPY_PHASE_STRIP = NO;
				DEBUG_INFORMATION_FORMAT = "dwarf-with-dsym";
				ENABLE_NS_ASSERTIONS = NO;
				ENABLE_STRICT_OBJC_MSGSEND = YES;
				GCC_C_LANGUAGE_STANDARD = gnu11;
				GCC_NO_COMMON_BLOCKS = YES;
				GCC_WARN_64_TO_32_BIT_CONVERSION = YES;
				GCC_WARN_ABOUT_RETURN_TYPE = YES_ERROR;
				GCC_WARN_UNDECLARED_SELECTOR = YES;
				GCC_WARN_UNINITIALIZED_AUTOS = YES_AGGRESSIVE;
				GCC_WARN_UNUSED_FUNCTION = YES;
				GCC_WARN_UNUSED_VARIABLE = YES;
				IPHONEOS_DEPLOYMENT_TARGET = 13.6;
				MTL_ENABLE_DEBUG_INFO = NO;
				MTL_FAST_MATH = YES;
				SDKROOT = iphoneos;
				SWIFT_COMPILATION_MODE = wholemodule;
				SWIFT_OPTIMIZATION_LEVEL = "-O";
				VALIDATE_PRODUCT = YES;
			};
			name = Release;
		};
		A9DA8BA124F6EDAC0077390A /* Debug */ = {
			isa = XCBuildConfiguration;
			buildSettings = {
				ASSETCATALOG_COMPILER_APPICON_NAME = AppIcon;
				CODE_SIGN_STYLE = Automatic;
				INFOPLIST_FILE = Recipes/Resources/Info.plist;
				IPHONEOS_DEPLOYMENT_TARGET = 12.0;
				LD_RUNPATH_SEARCH_PATHS = (
					"$(inherited)",
					"@executable_path/Frameworks",
				);
				PRODUCT_BUNDLE_IDENTIFIER = md.Recipes;
				PRODUCT_NAME = "$(TARGET_NAME)";
				SWIFT_VERSION = 5.0;
				TARGETED_DEVICE_FAMILY = "1,2";
			};
			name = Debug;
		};
		A9DA8BA224F6EDAC0077390A /* Release */ = {
			isa = XCBuildConfiguration;
			buildSettings = {
				ASSETCATALOG_COMPILER_APPICON_NAME = AppIcon;
				CODE_SIGN_STYLE = Automatic;
				INFOPLIST_FILE = Recipes/Resources/Info.plist;
				IPHONEOS_DEPLOYMENT_TARGET = 12.0;
				LD_RUNPATH_SEARCH_PATHS = (
					"$(inherited)",
					"@executable_path/Frameworks",
				);
				PRODUCT_BUNDLE_IDENTIFIER = md.Recipes;
				PRODUCT_NAME = "$(TARGET_NAME)";
				SWIFT_VERSION = 5.0;
				TARGETED_DEVICE_FAMILY = "1,2";
			};
			name = Release;
		};
/* End XCBuildConfiguration section */

/* Begin XCConfigurationList section */
		A9DA8B8724F6EDA90077390A /* Build configuration list for PBXProject "Recipes" */ = {
			isa = XCConfigurationList;
			buildConfigurations = (
				A9DA8B9E24F6EDAC0077390A /* Debug */,
				A9DA8B9F24F6EDAC0077390A /* Release */,
			);
			defaultConfigurationIsVisible = 0;
			defaultConfigurationName = Release;
		};
		A9DA8BA024F6EDAC0077390A /* Build configuration list for PBXNativeTarget "Recipes" */ = {
			isa = XCConfigurationList;
			buildConfigurations = (
				A9DA8BA124F6EDAC0077390A /* Debug */,
				A9DA8BA224F6EDAC0077390A /* Release */,
			);
			defaultConfigurationIsVisible = 0;
			defaultConfigurationName = Release;
		};
/* End XCConfigurationList section */
	};
	rootObject = A9DA8B8424F6EDA90077390A /* Project object */;
}
