// !$*UTF8*$!
{
	archiveVersion = 1;
	classes = {
	};
	objectVersion = 50;
	objects = {

/* Begin PBXBuildFile section */
		A99A68AD24F730D900AE6FD0 /* ListContentManager.swift in Sources */ = {isa = PBXBuildFile; fileRef = A99A68AA24F730D900AE6FD0 /* ListContentManager.swift */; };
		A99A68AE24F730D900AE6FD0 /* ListContentContext.swift in Sources */ = {isa = PBXBuildFile; fileRef = A99A68AB24F730D900AE6FD0 /* ListContentContext.swift */; };
		A99A68AF24F730D900AE6FD0 /* ListSectionManager.swift in Sources */ = {isa = PBXBuildFile; fileRef = A99A68AC24F730D900AE6FD0 /* ListSectionManager.swift */; };
		A99A68B224F7316200AE6FD0 /* UICollectionViewCell+ReuseIdentifier.swift in Sources */ = {isa = PBXBuildFile; fileRef = A99A68B124F7316200AE6FD0 /* UICollectionViewCell+ReuseIdentifier.swift */; };
		A9DB692C24F6F16A0027C560 /* RecipesUIKit.h in Headers */ = {isa = PBXBuildFile; fileRef = A9DB692A24F6F16A0027C560 /* RecipesUIKit.h */; settings = {ATTRIBUTES = (Public, ); }; };
/* End PBXBuildFile section */

/* Begin PBXFileReference section */
		A99A68AA24F730D900AE6FD0 /* ListContentManager.swift */ = {isa = PBXFileReference; fileEncoding = 4; lastKnownFileType = sourcecode.swift; path = ListContentManager.swift; sourceTree = "<group>"; };
		A99A68AB24F730D900AE6FD0 /* ListContentContext.swift */ = {isa = PBXFileReference; fileEncoding = 4; lastKnownFileType = sourcecode.swift; path = ListContentContext.swift; sourceTree = "<group>"; };
		A99A68AC24F730D900AE6FD0 /* ListSectionManager.swift */ = {isa = PBXFileReference; fileEncoding = 4; lastKnownFileType = sourcecode.swift; path = ListSectionManager.swift; sourceTree = "<group>"; };
		A99A68B124F7316200AE6FD0 /* UICollectionViewCell+ReuseIdentifier.swift */ = {isa = PBXFileReference; lastKnownFileType = sourcecode.swift; path = "UICollectionViewCell+ReuseIdentifier.swift"; sourceTree = "<group>"; };
		A9DB692724F6F16A0027C560 /* RecipesUIKit.framework */ = {isa = PBXFileReference; explicitFileType = wrapper.framework; includeInIndex = 0; path = RecipesUIKit.framework; sourceTree = BUILT_PRODUCTS_DIR; };
		A9DB692A24F6F16A0027C560 /* RecipesUIKit.h */ = {isa = PBXFileReference; lastKnownFileType = sourcecode.c.h; path = RecipesUIKit.h; sourceTree = "<group>"; };
		A9DB692B24F6F16A0027C560 /* Info.plist */ = {isa = PBXFileReference; lastKnownFileType = text.plist.xml; path = Info.plist; sourceTree = "<group>"; };
/* End PBXFileReference section */

/* Begin PBXFrameworksBuildPhase section */
		A9DB692424F6F16A0027C560 /* Frameworks */ = {
			isa = PBXFrameworksBuildPhase;
			buildActionMask = 2147483647;
			files = (
			);
			runOnlyForDeploymentPostprocessing = 0;
		};
/* End PBXFrameworksBuildPhase section */

/* Begin PBXGroup section */
		A99A68A924F730D900AE6FD0 /* List Content */ = {
			isa = PBXGroup;
			children = (
				A99A68AA24F730D900AE6FD0 /* ListContentManager.swift */,
				A99A68AB24F730D900AE6FD0 /* ListContentContext.swift */,
				A99A68AC24F730D900AE6FD0 /* ListSectionManager.swift */,
			);
			path = "List Content";
			sourceTree = "<group>";
		};
		A99A68B024F7315D00AE6FD0 /* Extensions */ = {
			isa = PBXGroup;
			children = (
				A99A68B124F7316200AE6FD0 /* UICollectionViewCell+ReuseIdentifier.swift */,
			);
			path = Extensions;
			sourceTree = "<group>";
		};
		A9DB691D24F6F16A0027C560 = {
			isa = PBXGroup;
			children = (
				A9DB692924F6F16A0027C560 /* RecipesUIKit */,
				A9DB692824F6F16A0027C560 /* Products */,
			);
			sourceTree = "<group>";
		};
		A9DB692824F6F16A0027C560 /* Products */ = {
			isa = PBXGroup;
			children = (
				A9DB692724F6F16A0027C560 /* RecipesUIKit.framework */,
			);
			name = Products;
			sourceTree = "<group>";
		};
		A9DB692924F6F16A0027C560 /* RecipesUIKit */ = {
			isa = PBXGroup;
			children = (
				A99A68B024F7315D00AE6FD0 /* Extensions */,
				A99A68A924F730D900AE6FD0 /* List Content */,
				A9DB694D24F6F4130027C560 /* Resources */,
				A9DB692A24F6F16A0027C560 /* RecipesUIKit.h */,
			);
			path = RecipesUIKit;
			sourceTree = "<group>";
		};
		A9DB694D24F6F4130027C560 /* Resources */ = {
			isa = PBXGroup;
			children = (
				A9DB692B24F6F16A0027C560 /* Info.plist */,
			);
			path = Resources;
			sourceTree = "<group>";
		};
/* End PBXGroup section */

/* Begin PBXHeadersBuildPhase section */
		A9DB692224F6F16A0027C560 /* Headers */ = {
			isa = PBXHeadersBuildPhase;
			buildActionMask = 2147483647;
			files = (
				A9DB692C24F6F16A0027C560 /* RecipesUIKit.h in Headers */,
			);
			runOnlyForDeploymentPostprocessing = 0;
		};
/* End PBXHeadersBuildPhase section */

/* Begin PBXNativeTarget section */
		A9DB692624F6F16A0027C560 /* RecipesUIKit */ = {
			isa = PBXNativeTarget;
			buildConfigurationList = A9DB692F24F6F16A0027C560 /* Build configuration list for PBXNativeTarget "RecipesUIKit" */;
			buildPhases = (
				A9DB692224F6F16A0027C560 /* Headers */,
				A9DB692324F6F16A0027C560 /* Sources */,
				A9DB692424F6F16A0027C560 /* Frameworks */,
				A9DB692524F6F16A0027C560 /* Resources */,
			);
			buildRules = (
			);
			dependencies = (
			);
			name = RecipesUIKit;
			productName = RecipesUIKit;
			productReference = A9DB692724F6F16A0027C560 /* RecipesUIKit.framework */;
			productType = "com.apple.product-type.framework";
		};
/* End PBXNativeTarget section */

/* Begin PBXProject section */
		A9DB691E24F6F16A0027C560 /* Project object */ = {
			isa = PBXProject;
			attributes = {
				LastUpgradeCheck = 1160;
				ORGANIZATIONNAME = "Marco Domingues";
				TargetAttributes = {
					A9DB692624F6F16A0027C560 = {
						CreatedOnToolsVersion = 11.6;
					};
				};
			};
			buildConfigurationList = A9DB692124F6F16A0027C560 /* Build configuration list for PBXProject "RecipesUIKit" */;
			compatibilityVersion = "Xcode 9.3";
			developmentRegion = en;
			hasScannedForEncodings = 0;
			knownRegions = (
				en,
				Base,
			);
			mainGroup = A9DB691D24F6F16A0027C560;
			productRefGroup = A9DB692824F6F16A0027C560 /* Products */;
			projectDirPath = "";
			projectRoot = "";
			targets = (
				A9DB692624F6F16A0027C560 /* RecipesUIKit */,
			);
		};
/* End PBXProject section */

/* Begin PBXResourcesBuildPhase section */
		A9DB692524F6F16A0027C560 /* Resources */ = {
			isa = PBXResourcesBuildPhase;
			buildActionMask = 2147483647;
			files = (
			);
			runOnlyForDeploymentPostprocessing = 0;
		};
/* End PBXResourcesBuildPhase section */

/* Begin PBXSourcesBuildPhase section */
		A9DB692324F6F16A0027C560 /* Sources */ = {
			isa = PBXSourcesBuildPhase;
			buildActionMask = 2147483647;
			files = (
				A99A68B224F7316200AE6FD0 /* UICollectionViewCell+ReuseIdentifier.swift in Sources */,
				A99A68AD24F730D900AE6FD0 /* ListContentManager.swift in Sources */,
				A99A68AF24F730D900AE6FD0 /* ListSectionManager.swift in Sources */,
				A99A68AE24F730D900AE6FD0 /* ListContentContext.swift in Sources */,
			);
			runOnlyForDeploymentPostprocessing = 0;
		};
/* End PBXSourcesBuildPhase section */

/* Begin XCBuildConfiguration section */
		A9DB692D24F6F16A0027C560 /* Debug */ = {
			isa = XCBuildConfiguration;
			buildSettings = {
				ALWAYS_SEARCH_USER_PATHS = NO;
				CLANG_ANALYZER_NONNULL = YES;
				CLANG_ANALYZER_NUMBER_OBJECT_CONVERSION = YES_AGGRESSIVE;
				CLANG_CXX_LANGUAGE_STANDARD = "gnu++14";
				CLANG_CXX_LIBRARY = "libc++";
				CLANG_ENABLE_MODULES = YES;
				CLANG_ENABLE_OBJC_ARC = YES;
				CLANG_ENABLE_OBJC_WEAK = YES;
				CLANG_WARN_BLOCK_CAPTURE_AUTORELEASING = YES;
				CLANG_WARN_BOOL_CONVERSION = YES;
				CLANG_WARN_COMMA = YES;
				CLANG_WARN_CONSTANT_CONVERSION = YES;
				CLANG_WARN_DEPRECATED_OBJC_IMPLEMENTATIONS = YES;
				CLANG_WARN_DIRECT_OBJC_ISA_USAGE = YES_ERROR;
				CLANG_WARN_DOCUMENTATION_COMMENTS = YES;
				CLANG_WARN_EMPTY_BODY = YES;
				CLANG_WARN_ENUM_CONVERSION = YES;
				CLANG_WARN_INFINITE_RECURSION = YES;
				CLANG_WARN_INT_CONVERSION = YES;
				CLANG_WARN_NON_LITERAL_NULL_CONVERSION = YES;
				CLANG_WARN_OBJC_IMPLICIT_RETAIN_SELF = YES;
				CLANG_WARN_OBJC_LITERAL_CONVERSION = YES;
				CLANG_WARN_OBJC_ROOT_CLASS = YES_ERROR;
				CLANG_WARN_RANGE_LOOP_ANALYSIS = YES;
				CLANG_WARN_STRICT_PROTOTYPES = YES;
				CLANG_WARN_SUSPICIOUS_MOVE = YES;
				CLANG_WARN_UNGUARDED_AVAILABILITY = YES_AGGRESSIVE;
				CLANG_WARN_UNREACHABLE_CODE = YES;
				CLANG_WARN__DUPLICATE_METHOD_MATCH = YES;
				COPY_PHASE_STRIP = NO;
				CURRENT_PROJECT_VERSION = 1;
				DEBUG_INFORMATION_FORMAT = dwarf;
				ENABLE_STRICT_OBJC_MSGSEND = YES;
				ENABLE_TESTABILITY = YES;
				GCC_C_LANGUAGE_STANDARD = gnu11;
				GCC_DYNAMIC_NO_PIC = NO;
				GCC_NO_COMMON_BLOCKS = YES;
				GCC_OPTIMIZATION_LEVEL = 0;
				GCC_PREPROCESSOR_DEFINITIONS = (
					"DEBUG=1",
					"$(inherited)",
				);
				GCC_WARN_64_TO_32_BIT_CONVERSION = YES;
				GCC_WARN_ABOUT_RETURN_TYPE = YES_ERROR;
				GCC_WARN_UNDECLARED_SELECTOR = YES;
				GCC_WARN_UNINITIALIZED_AUTOS = YES_AGGRESSIVE;
				GCC_WARN_UNUSED_FUNCTION = YES;
				GCC_WARN_UNUSED_VARIABLE = YES;
				IPHONEOS_DEPLOYMENT_TARGET = 13.6;
				MTL_ENABLE_DEBUG_INFO = INCLUDE_SOURCE;
				MTL_FAST_MATH = YES;
				ONLY_ACTIVE_ARCH = YES;
				SDKROOT = iphoneos;
				SWIFT_ACTIVE_COMPILATION_CONDITIONS = DEBUG;
				SWIFT_OPTIMIZATION_LEVEL = "-Onone";
				VERSIONING_SYSTEM = "apple-generic";
				VERSION_INFO_PREFIX = "";
			};
			name = Debug;
		};
		A9DB692E24F6F16A0027C560 /* Release */ = {
			isa = XCBuildConfiguration;
			buildSettings = {
				ALWAYS_SEARCH_USER_PATHS = NO;
				CLANG_ANALYZER_NONNULL = YES;
				CLANG_ANALYZER_NUMBER_OBJECT_CONVERSION = YES_AGGRESSIVE;
				CLANG_CXX_LANGUAGE_STANDARD = "gnu++14";
				CLANG_CXX_LIBRARY = "libc++";
				CLANG_ENABLE_MODULES = YES;
				CLANG_ENABLE_OBJC_ARC = YES;
				CLANG_ENABLE_OBJC_WEAK = YES;
				CLANG_WARN_BLOCK_CAPTURE_AUTORELEASING = YES;
				CLANG_WARN_BOOL_CONVERSION = YES;
				CLANG_WARN_COMMA = YES;
				CLANG_WARN_CONSTANT_CONVERSION = YES;
				CLANG_WARN_DEPRECATED_OBJC_IMPLEMENTATIONS = YES;
				CLANG_WARN_DIRECT_OBJC_ISA_USAGE = YES_ERROR;
				CLANG_WARN_DOCUMENTATION_COMMENTS = YES;
				CLANG_WARN_EMPTY_BODY = YES;
				CLANG_WARN_ENUM_CONVERSION = YES;
				CLANG_WARN_INFINITE_RECURSION = YES;
				CLANG_WARN_INT_CONVERSION = YES;
				CLANG_WARN_NON_LITERAL_NULL_CONVERSION = YES;
				CLANG_WARN_OBJC_IMPLICIT_RETAIN_SELF = YES;
				CLANG_WARN_OBJC_LITERAL_CONVERSION = YES;
				CLANG_WARN_OBJC_ROOT_CLASS = YES_ERROR;
				CLANG_WARN_RANGE_LOOP_ANALYSIS = YES;
				CLANG_WARN_STRICT_PROTOTYPES = YES;
				CLANG_WARN_SUSPICIOUS_MOVE = YES;
				CLANG_WARN_UNGUARDED_AVAILABILITY = YES_AGGRESSIVE;
				CLANG_WARN_UNREACHABLE_CODE = YES;
				CLANG_WARN__DUPLICATE_METHOD_MATCH = YES;
				COPY_PHASE_STRIP = NO;
				CURRENT_PROJECT_VERSION = 1;
				DEBUG_INFORMATION_FORMAT = "dwarf-with-dsym";
				ENABLE_NS_ASSERTIONS = NO;
				ENABLE_STRICT_OBJC_MSGSEND = YES;
				GCC_C_LANGUAGE_STANDARD = gnu11;
				GCC_NO_COMMON_BLOCKS = YES;
				GCC_WARN_64_TO_32_BIT_CONVERSION = YES;
				GCC_WARN_ABOUT_RETURN_TYPE = YES_ERROR;
				GCC_WARN_UNDECLARED_SELECTOR = YES;
				GCC_WARN_UNINITIALIZED_AUTOS = YES_AGGRESSIVE;
				GCC_WARN_UNUSED_FUNCTION = YES;
				GCC_WARN_UNUSED_VARIABLE = YES;
				IPHONEOS_DEPLOYMENT_TARGET = 13.6;
				MTL_ENABLE_DEBUG_INFO = NO;
				MTL_FAST_MATH = YES;
				SDKROOT = iphoneos;
				SWIFT_COMPILATION_MODE = wholemodule;
				SWIFT_OPTIMIZATION_LEVEL = "-O";
				VALIDATE_PRODUCT = YES;
				VERSIONING_SYSTEM = "apple-generic";
				VERSION_INFO_PREFIX = "";
			};
			name = Release;
		};
		A9DB693024F6F16A0027C560 /* Debug */ = {
			isa = XCBuildConfiguration;
			buildSettings = {
				CODE_SIGN_STYLE = Automatic;
				DEFINES_MODULE = YES;
				DYLIB_COMPATIBILITY_VERSION = 1;
				DYLIB_CURRENT_VERSION = 1;
				DYLIB_INSTALL_NAME_BASE = "@rpath";
				INFOPLIST_FILE = RecipesUIKit/Resources/Info.plist;
				INSTALL_PATH = "$(LOCAL_LIBRARY_DIR)/Frameworks";
				IPHONEOS_DEPLOYMENT_TARGET = 12.0;
				LD_RUNPATH_SEARCH_PATHS = (
					"$(inherited)",
					"@executable_path/Frameworks",
					"@loader_path/Frameworks",
				);
				PRODUCT_BUNDLE_IDENTIFIER = md.RecipesUIKit;
				PRODUCT_NAME = "$(TARGET_NAME:c99extidentifier)";
				SKIP_INSTALL = YES;
				SWIFT_VERSION = 5.0;
				TARGETED_DEVICE_FAMILY = "1,2";
			};
			name = Debug;
		};
		A9DB693124F6F16A0027C560 /* Release */ = {
			isa = XCBuildConfiguration;
			buildSettings = {
				CODE_SIGN_STYLE = Automatic;
				DEFINES_MODULE = YES;
				DYLIB_COMPATIBILITY_VERSION = 1;
				DYLIB_CURRENT_VERSION = 1;
				DYLIB_INSTALL_NAME_BASE = "@rpath";
				INFOPLIST_FILE = RecipesUIKit/Resources/Info.plist;
				INSTALL_PATH = "$(LOCAL_LIBRARY_DIR)/Frameworks";
				IPHONEOS_DEPLOYMENT_TARGET = 12.0;
				LD_RUNPATH_SEARCH_PATHS = (
					"$(inherited)",
					"@executable_path/Frameworks",
					"@loader_path/Frameworks",
				);
				PRODUCT_BUNDLE_IDENTIFIER = md.RecipesUIKit;
				PRODUCT_NAME = "$(TARGET_NAME:c99extidentifier)";
				SKIP_INSTALL = YES;
				SWIFT_VERSION = 5.0;
				TARGETED_DEVICE_FAMILY = "1,2";
			};
			name = Release;
		};
/* End XCBuildConfiguration section */

/* Begin XCConfigurationList section */
		A9DB692124F6F16A0027C560 /* Build configuration list for PBXProject "RecipesUIKit" */ = {
			isa = XCConfigurationList;
			buildConfigurations = (
				A9DB692D24F6F16A0027C560 /* Debug */,
				A9DB692E24F6F16A0027C560 /* Release */,
			);
			defaultConfigurationIsVisible = 0;
			defaultConfigurationName = Release;
		};
		A9DB692F24F6F16A0027C560 /* Build configuration list for PBXNativeTarget "RecipesUIKit" */ = {
			isa = XCConfigurationList;
			buildConfigurations = (
				A9DB693024F6F16A0027C560 /* Debug */,
				A9DB693124F6F16A0027C560 /* Release */,
			);
			defaultConfigurationIsVisible = 0;
			defaultConfigurationName = Release;
		};
/* End XCConfigurationList section */
	};
	rootObject = A9DB691E24F6F16A0027C560 /* Project object */;
}
